// !$*UTF8*$!
{
	archiveVersion = 1;
	classes = {
	};
	objectVersion = 46;
	objects = {

/* Begin PBXBuildFile section */
		A16ABA0117B2C7AD00F3BD72 /* Foundation.framework in Frameworks */ = {isa = PBXBuildFile; fileRef = A16ABA0017B2C7AD00F3BD72 /* Foundation.framework */; };
		A16ABA1017B2C9C800F3BD72 /* QCHTTPClient.m in Sources */ = {isa = PBXBuildFile; fileRef = A16ABA0F17B2C9C800F3BD72 /* QCHTTPClient.m */; };
		AB3551AD54724E948492DDFE /* libPods.a in Frameworks */ = {isa = PBXBuildFile; fileRef = B3B4DA63F5F342529485A70A /* libPods.a */; };
/* End PBXBuildFile section */

/* Begin PBXCopyFilesBuildPhase section */
		A16AB9FB17B2C7AD00F3BD72 /* CopyFiles */ = {
			isa = PBXCopyFilesBuildPhase;
			buildActionMask = 2147483647;
			dstPath = "include/${PRODUCT_NAME}";
			dstSubfolderSpec = 16;
			files = (
			);
			runOnlyForDeploymentPostprocessing = 0;
		};
/* End PBXCopyFilesBuildPhase section */

/* Begin PBXFileReference section */
		1F728C929F7540F38914B25A /* Pods.xcconfig */ = {isa = PBXFileReference; includeInIndex = 1; lastKnownFileType = text.xcconfig; name = Pods.xcconfig; path = Pods/Pods.xcconfig; sourceTree = SOURCE_ROOT; };
		A16AB9FD17B2C7AD00F3BD72 /* libQuickCastKit.a */ = {isa = PBXFileReference; explicitFileType = archive.ar; includeInIndex = 0; path = libQuickCastKit.a; sourceTree = BUILT_PRODUCTS_DIR; };
		A16ABA0017B2C7AD00F3BD72 /* Foundation.framework */ = {isa = PBXFileReference; lastKnownFileType = wrapper.framework; name = Foundation.framework; path = System/Library/Frameworks/Foundation.framework; sourceTree = SDKROOT; };
		A16ABA0417B2C7AD00F3BD72 /* QuickCastKit-Prefix.pch */ = {isa = PBXFileReference; lastKnownFileType = sourcecode.c.h; path = "QuickCastKit-Prefix.pch"; sourceTree = "<group>"; };
		A16ABA0E17B2C9C800F3BD72 /* QCHTTPClient.h */ = {isa = PBXFileReference; fileEncoding = 4; lastKnownFileType = sourcecode.c.h; path = QCHTTPClient.h; sourceTree = "<group>"; };
		A16ABA0F17B2C9C800F3BD72 /* QCHTTPClient.m */ = {isa = PBXFileReference; fileEncoding = 4; lastKnownFileType = sourcecode.c.objc; path = QCHTTPClient.m; sourceTree = "<group>"; };
		B3B4DA63F5F342529485A70A /* libPods.a */ = {isa = PBXFileReference; explicitFileType = archive.ar; includeInIndex = 0; path = libPods.a; sourceTree = BUILT_PRODUCTS_DIR; };
/* End PBXFileReference section */

/* Begin PBXFrameworksBuildPhase section */
		A16AB9FA17B2C7AD00F3BD72 /* Frameworks */ = {
			isa = PBXFrameworksBuildPhase;
			buildActionMask = 2147483647;
			files = (
				A16ABA0117B2C7AD00F3BD72 /* Foundation.framework in Frameworks */,
				AB3551AD54724E948492DDFE /* libPods.a in Frameworks */,
			);
			runOnlyForDeploymentPostprocessing = 0;
		};
/* End PBXFrameworksBuildPhase section */

/* Begin PBXGroup section */
		A16AB9F417B2C7AD00F3BD72 = {
			isa = PBXGroup;
			children = (
				A16ABA0217B2C7AD00F3BD72 /* QuickCastKit */,
				A16AB9FF17B2C7AD00F3BD72 /* Frameworks */,
				A16AB9FE17B2C7AD00F3BD72 /* Products */,
				1F728C929F7540F38914B25A /* Pods.xcconfig */,
			);
			sourceTree = "<group>";
		};
		A16AB9FE17B2C7AD00F3BD72 /* Products */ = {
			isa = PBXGroup;
			children = (
				A16AB9FD17B2C7AD00F3BD72 /* libQuickCastKit.a */,
			);
			name = Products;
			sourceTree = "<group>";
		};
		A16AB9FF17B2C7AD00F3BD72 /* Frameworks */ = {
			isa = PBXGroup;
			children = (
				A16ABA0017B2C7AD00F3BD72 /* Foundation.framework */,
				B3B4DA63F5F342529485A70A /* libPods.a */,
			);
			name = Frameworks;
			sourceTree = "<group>";
		};
		A16ABA0217B2C7AD00F3BD72 /* QuickCastKit */ = {
			isa = PBXGroup;
			children = (
				A16ABA0317B2C7AD00F3BD72 /* Supporting Files */,
				A16ABA0E17B2C9C800F3BD72 /* QCHTTPClient.h */,
				A16ABA0F17B2C9C800F3BD72 /* QCHTTPClient.m */,
			);
			path = QuickCastKit;
			sourceTree = "<group>";
		};
		A16ABA0317B2C7AD00F3BD72 /* Supporting Files */ = {
			isa = PBXGroup;
			children = (
				A16ABA0417B2C7AD00F3BD72 /* QuickCastKit-Prefix.pch */,
			);
			name = "Supporting Files";
			sourceTree = "<group>";
		};
/* End PBXGroup section */

/* Begin PBXNativeTarget section */
		A16AB9FC17B2C7AD00F3BD72 /* QuickCastKit */ = {
			isa = PBXNativeTarget;
			buildConfigurationList = A16ABA0B17B2C7AD00F3BD72 /* Build configuration list for PBXNativeTarget "QuickCastKit" */;
			buildPhases = (
				C632A8385B3C4454B795C795 /* Check Pods Manifest.lock */,
				A16AB9F917B2C7AD00F3BD72 /* Sources */,
				A16AB9FA17B2C7AD00F3BD72 /* Frameworks */,
				A16AB9FB17B2C7AD00F3BD72 /* CopyFiles */,
				8BAC881E9DC64C1B9617AA1A /* Copy Pods Resources */,
			);
			buildRules = (
			);
			dependencies = (
			);
			name = QuickCastKit;
			productName = QuickCastKit;
			productReference = A16AB9FD17B2C7AD00F3BD72 /* libQuickCastKit.a */;
			productType = "com.apple.product-type.library.static";
		};
/* End PBXNativeTarget section */

/* Begin PBXProject section */
		A16AB9F517B2C7AD00F3BD72 /* Project object */ = {
			isa = PBXProject;
			attributes = {
				CLASSPREFIX = QC;
				LastUpgradeCheck = 0460;
				ORGANIZATIONNAME = "Rocket Town Ltd";
			};
			buildConfigurationList = A16AB9F817B2C7AD00F3BD72 /* Build configuration list for PBXProject "QuickCastKit" */;
			compatibilityVersion = "Xcode 3.2";
			developmentRegion = English;
			hasScannedForEncodings = 0;
			knownRegions = (
				en,
			);
			mainGroup = A16AB9F417B2C7AD00F3BD72;
			productRefGroup = A16AB9FE17B2C7AD00F3BD72 /* Products */;
			projectDirPath = "";
			projectRoot = "";
			targets = (
				A16AB9FC17B2C7AD00F3BD72 /* QuickCastKit */,
			);
		};
/* End PBXProject section */

/* Begin PBXShellScriptBuildPhase section */
		8BAC881E9DC64C1B9617AA1A /* Copy Pods Resources */ = {
			isa = PBXShellScriptBuildPhase;
			buildActionMask = 2147483647;
			files = (
			);
			inputPaths = (
			);
			name = "Copy Pods Resources";
			outputPaths = (
			);
			runOnlyForDeploymentPostprocessing = 0;
			shellPath = /bin/sh;
			shellScript = "\"${SRCROOT}/Pods/Pods-resources.sh\"\n";
		};
		C632A8385B3C4454B795C795 /* Check Pods Manifest.lock */ = {
			isa = PBXShellScriptBuildPhase;
			buildActionMask = 2147483647;
			files = (
			);
			inputPaths = (
			);
			name = "Check Pods Manifest.lock";
			outputPaths = (
			);
			runOnlyForDeploymentPostprocessing = 0;
			shellPath = /bin/sh;
			shellScript = "diff \"${PODS_ROOT}/../Podfile.lock\" \"${PODS_ROOT}/Manifest.lock\" > /dev/null\nif [[ $? != 0 ]] ; then\n    cat << EOM\nerror: The sandbox is not in sync with the Podfile.lock. Run 'pod install' or update your CocoaPods installation.\nEOM\n    exit 1\nfi\n";
		};
/* End PBXShellScriptBuildPhase section */

/* Begin PBXSourcesBuildPhase section */
		A16AB9F917B2C7AD00F3BD72 /* Sources */ = {
			isa = PBXSourcesBuildPhase;
			buildActionMask = 2147483647;
			files = (
				A16ABA1017B2C9C800F3BD72 /* QCHTTPClient.m in Sources */,
			);
			runOnlyForDeploymentPostprocessing = 0;
		};
/* End PBXSourcesBuildPhase section */

/* Begin XCBuildConfiguration section */
		A16ABA0917B2C7AD00F3BD72 /* Debug */ = {
			isa = XCBuildConfiguration;
			buildSettings = {
				ALWAYS_SEARCH_USER_PATHS = NO;
				CLANG_CXX_LANGUAGE_STANDARD = "gnu++0x";
				CLANG_CXX_LIBRARY = "libc++";
				CLANG_ENABLE_OBJC_ARC = YES;
				CLANG_WARN_CONSTANT_CONVERSION = YES;
				CLANG_WARN_EMPTY_BODY = YES;
				CLANG_WARN_ENUM_CONVERSION = YES;
				CLANG_WARN_INT_CONVERSION = YES;
				CLANG_WARN__DUPLICATE_METHOD_MATCH = YES;
				COPY_PHASE_STRIP = NO;
				GCC_C_LANGUAGE_STANDARD = gnu99;
				GCC_DYNAMIC_NO_PIC = NO;
				GCC_OPTIMIZATION_LEVEL = 0;
				GCC_PREPROCESSOR_DEFINITIONS = (
					"DEBUG=1",
					"$(inherited)",
				);
				GCC_SYMBOLS_PRIVATE_EXTERN = NO;
				GCC_WARN_ABOUT_RETURN_TYPE = YES;
				GCC_WARN_UNINITIALIZED_AUTOS = YES;
				GCC_WARN_UNUSED_VARIABLE = YES;
				IPHONEOS_DEPLOYMENT_TARGET = 6.0;
				ONLY_ACTIVE_ARCH = YES;
				SDKROOT = iphoneos;
			};
			name = Debug;
		};
		A16ABA0A17B2C7AD00F3BD72 /* Release */ = {
			isa = XCBuildConfiguration;
			buildSettings = {
				ALWAYS_SEARCH_USER_PATHS = NO;
				CLANG_CXX_LANGUAGE_STANDARD = "gnu++0x";
				CLANG_CXX_LIBRARY = "libc++";
				CLANG_ENABLE_OBJC_ARC = YES;
				CLANG_WARN_CONSTANT_CONVERSION = YES;
				CLANG_WARN_EMPTY_BODY = YES;
				CLANG_WARN_ENUM_CONVERSION = YES;
				CLANG_WARN_INT_CONVERSION = YES;
				CLANG_WARN__DUPLICATE_METHOD_MATCH = YES;
				COPY_PHASE_STRIP = YES;
				GCC_C_LANGUAGE_STANDARD = gnu99;
				GCC_WARN_ABOUT_RETURN_TYPE = YES;
				GCC_WARN_UNINITIALIZED_AUTOS = YES;
				GCC_WARN_UNUSED_VARIABLE = YES;
				IPHONEOS_DEPLOYMENT_TARGET = 6.0;
				SDKROOT = iphoneos;
				VALIDATE_PRODUCT = YES;
			};
			name = Release;
		};
		A16ABA0C17B2C7AD00F3BD72 /* Debug */ = {
			isa = XCBuildConfiguration;
			baseConfigurationReference = 1F728C929F7540F38914B25A /* Pods.xcconfig */;
			buildSettings = {
				DSTROOT = /tmp/QuickCastKit.dst;
				GCC_PRECOMPILE_PREFIX_HEADER = YES;
				GCC_PREFIX_HEADER = "QuickCastKit/QuickCastKit-Prefix.pch";
				OTHER_LDFLAGS = "`$(inherited)`";
				PRODUCT_NAME = "$(TARGET_NAME)";
				SKIP_INSTALL = YES;
			};
			name = Debug;
		};
		A16ABA0D17B2C7AD00F3BD72 /* Release */ = {
			isa = XCBuildConfiguration;
			baseConfigurationReference = 1F728C929F7540F38914B25A /* Pods.xcconfig */;
			buildSettings = {
				DSTROOT = /tmp/QuickCastKit.dst;
				GCC_PRECOMPILE_PREFIX_HEADER = YES;
				GCC_PREFIX_HEADER = "QuickCastKit/QuickCastKit-Prefix.pch";
				OTHER_LDFLAGS = "`$(inherited)`";
				PRODUCT_NAME = "$(TARGET_NAME)";
				SKIP_INSTALL = YES;
			};
			name = Release;
		};
/* End XCBuildConfiguration section */

/* Begin XCConfigurationList section */
		A16AB9F817B2C7AD00F3BD72 /* Build configuration list for PBXProject "QuickCastKit" */ = {
			isa = XCConfigurationList;
			buildConfigurations = (
				A16ABA0917B2C7AD00F3BD72 /* Debug */,
				A16ABA0A17B2C7AD00F3BD72 /* Release */,
			);
			defaultConfigurationIsVisible = 0;
			defaultConfigurationName = Release;
		};
		A16ABA0B17B2C7AD00F3BD72 /* Build configuration list for PBXNativeTarget "QuickCastKit" */ = {
			isa = XCConfigurationList;
			buildConfigurations = (
				A16ABA0C17B2C7AD00F3BD72 /* Debug */,
				A16ABA0D17B2C7AD00F3BD72 /* Release */,
			);
			defaultConfigurationIsVisible = 0;
			defaultConfigurationName = Release;
		};
/* End XCConfigurationList section */
	};
	rootObject = A16AB9F517B2C7AD00F3BD72 /* Project object */;
}
